{
  "version": 4,
  "terraform_version": "1.14.8",
  "serial": 86,
  "lineage": "46f22f38-30a6-1d9b-d6e5-d13d99a583e4",
  "outputs": {},
  "resources": [
    {
      "mode": "managed",
      "type": "scaleway_object_bucket",
      "name": "main",
      "provider": "provider[\"registry.terraform.io/scaleway/scaleway\"]",
      "instances": [
        {
          "schema_version": 0,
          "attributes": {
            "acl": "private",
            "api_endpoint": "https://s3.fr-par.scw.cloud",
            "cors_rule": [],
            "endpoint": "https://engineeringonboarding.s3.fr-par.scw.cloud",
            "force_destroy": false,
            "id": "fr-par/engineeringonboarding",
            "lifecycle_rule": [],
            "name": "engineeringonboarding",
            "object_lock_enabled": false,
            "project_id": "7f7e1a40-fa1f-400d-831d-5d914f377853",
            "region": "fr-par",
            "tags": {},
            "timeouts": null,
            "versioning": [
              {
                "enabled": false
              }
            ]
          },
          "sensitive_attributes": [],
          "identity_schema_version": 0,
          "private": "eyJlMmJmYjczMC1lY2FhLTExZTYtOGY4OC0zNDM2M2JjN2M0YzAiOnsiY3JlYXRlIjo2MDAwMDAwMDAwMDAsImRlZmF1bHQiOjYwMDAwMDAwMDAwMCwiZGVsZXRlIjo2MDAwMDAwMDAwMDAsInJlYWQiOjYwMDAwMDAwMDAwMCwidXBkYXRlIjo2MDAwMDAwMDAwMDB9fQ=="
        }
      ]
    }
  ],
  "check_results": null
}
