{
  "version": 4,
  "terraform_version": "1.14.8",
  "serial": 114,
  "lineage": "46f22f38-30a6-1d9b-d6e5-d13d99a583e4",
  "outputs": {
    "gateway_ip": {
      "value": "212.47.254.71",
      "type": "string"
    },
    "image_processor_private_ip": {
      "value": "172.16.12.5",
      "type": "string"
    },
    "load_balancer_ip": {
      "value": "51.15.249.239",
      "type": "string"
    },
    "rest_api_private_ip": {
      "value": "172.16.12.6",
      "type": "string"
    },
    "ssh_bastion_command_image_processor": {
      "value": "ssh -J bastion@212.47.254.71:61000 root@172.16.12.5",
      "type": "string"
    },
    "ssh_bastion_command_rest_api": {
      "value": "ssh -J bastion@212.47.254.71:61000 root@172.16.12.6",
      "type": "string"
    },
    "test_upload_command": {
      "value": "curl -F 'file=@logo.png' http://51.15.249.239/upload",
      "type": "string"
    }
  },
  "resources": [
    {
      "mode": "managed",
      "type": "scaleway_account_ssh_key",
      "name": "main",
      "provider": "provider[\"registry.terraform.io/scaleway/scaleway\"]",
      "instances": [
        {
          "schema_version": 0,
          "attributes": {
            "created_at": "2026-04-17T09:59:00Z",
            "disabled": false,
            "fingerprint": "256 MD5:79:1d:dc:78:1e:9b:dd:6a:b0:98:bb:48:b1:a2:c3:61 (ssh-ed25519)",
            "id": "b8594896-cc74-4cb1-88f8-8387a6fffbee",
            "name": "onboarding-key",
            "organization_id": "ac44e639-2453-4812-bf5d-a6dd796cef74",
            "project_id": "7f7e1a40-fa1f-400d-831d-5d914f377853",
            "public_key": "ssh-ed25519 AAAAC3NzaC1lZDI1NTE5AAAAILmkKqJPn8v4LY7oZxFPGl3ZclR+OyG0GmRdu3/o/xP9",
            "updated_at": "2026-04-17T09:59:00Z"
          },
          "sensitive_attributes": [],
          "identity_schema_version": 0,
          "private": "bnVsbA=="
        }
      ]
    },
    {
      "mode": "managed",
      "type": "scaleway_instance_placement_group",
      "name": "main",
      "provider": "provider[\"registry.terraform.io/scaleway/scaleway\"]",
      "instances": [
        {
          "schema_version": 0,
          "attributes": {
            "id": "fr-par-1/0a4d475c-53dd-4d0e-81e9-d856ff178fd8",
            "name": "onboarding-pg",
            "organization_id": "ac44e639-2453-4812-bf5d-a6dd796cef74",
            "policy_mode": "optional",
            "policy_respected": true,
            "policy_type": "low_latency",
            "project_id": "7f7e1a40-fa1f-400d-831d-5d914f377853",
            "tags": null,
            "timeouts": null,
            "zone": "fr-par-1"
          },
          "sensitive_attributes": [],
          "identity_schema_version": 0,
          "identity": {
            "id": "0a4d475c-53dd-4d0e-81e9-d856ff178fd8",
            "zone": "fr-par-1"
          },
          "private": "eyJlMmJmYjczMC1lY2FhLTExZTYtOGY4OC0zNDM2M2JjN2M0YzAiOnsiY3JlYXRlIjo2MDAwMDAwMDAwMCwiZGVmYXVsdCI6NjAwMDAwMDAwMDAsImRlbGV0ZSI6NjAwMDAwMDAwMDAsInJlYWQiOjYwMDAwMDAwMDAwLCJ1cGRhdGUiOjYwMDAwMDAwMDAwfX0="
        }
      ]
    },
    {
      "mode": "managed",
      "type": "scaleway_instance_private_nic",
      "name": "image_processor",
      "provider": "provider[\"registry.terraform.io/scaleway/scaleway\"]",
      "instances": [
        {
          "schema_version": 0,
          "attributes": {
            "id": "fr-par-1/60eec093-deb5-4b2c-945b-955291ff575f/9787c96f-05ef-4423-bdd9-e07423510594",
            "ip_ids": null,
            "ipam_ip_ids": null,
            "mac_address": "02:00:00:11:42:4a",
            "private_ips": [
              {
                "address": "fdbe:872a:3fef:1848:a2a7:f5e0:56b9:76dd",
                "id": "fr-par/54f55f48-f5a6-477d-aa72-35a3ae792b92"
              },
              {
                "address": "172.16.12.5",
                "id": "fr-par/1eb856d4-f85e-4eef-928b-08f68e5daeeb"
              }
            ],
            "private_network_id": "fr-par/6f8ef198-f7b6-4ee5-a59a-98b22e5fab05",
            "server_id": "fr-par-1/60eec093-deb5-4b2c-945b-955291ff575f",
            "tags": null,
            "timeouts": null,
            "zone": "fr-par-1"
          },
          "sensitive_attributes": [],
          "identity_schema_version": 0,
          "identity": {
            "private_nic_id": "9787c96f-05ef-4423-bdd9-e07423510594",
            "server_id": "60eec093-deb5-4b2c-945b-955291ff575f",
            "zone": "fr-par-1"
          },
          "private": "eyJlMmJmYjczMC1lY2FhLTExZTYtOGY4OC0zNDM2M2JjN2M0YzAiOnsiY3JlYXRlIjo2MDAwMDAwMDAwMDAsImRlZmF1bHQiOjYwMDAwMDAwMDAwMCwiZGVsZXRlIjo2MDAwMDAwMDAwMDAsInJlYWQiOjYwMDAwMDAwMDAwMCwidXBkYXRlIjo2MDAwMDAwMDAwMDB9fQ==",
          "dependencies": [
            "scaleway_instance_placement_group.main",
            "scaleway_instance_security_group.image_processor",
            "scaleway_instance_server.image_processor",
            "scaleway_vpc.main",
            "scaleway_vpc_gateway_network.main",
            "scaleway_vpc_private_network.main",
            "scaleway_vpc_public_gateway.main",
            "scaleway_vpc_public_gateway_ip.main"
          ]
        }
      ]
    },
    {
      "mode": "managed",
      "type": "scaleway_instance_private_nic",
      "name": "rest_api",
      "provider": "provider[\"registry.terraform.io/scaleway/scaleway\"]",
      "instances": [
        {
          "schema_version": 0,
          "attributes": {
            "id": "fr-par-1/99e7f8e8-68ae-4b86-8446-68aaa3c623c4/ea8fdb73-3a08-4b3f-ab67-ff6999f2e12b",
            "ip_ids": null,
            "ipam_ip_ids": null,
            "mac_address": "02:00:00:18:16:54",
            "private_ips": [
              {
                "address": "fdbe:872a:3fef:1848:64fc:5b2a:9c09:da61",
                "id": "fr-par/1ac0e152-186c-4d12-8d7c-6b7087581779"
              },
              {
                "address": "172.16.12.6",
                "id": "fr-par/aa3ea25c-2514-46f8-acc6-b4a5720c7e91"
              }
            ],
            "private_network_id": "fr-par/6f8ef198-f7b6-4ee5-a59a-98b22e5fab05",
            "server_id": "fr-par-1/99e7f8e8-68ae-4b86-8446-68aaa3c623c4",
            "tags": null,
            "timeouts": null,
            "zone": "fr-par-1"
          },
          "sensitive_attributes": [],
          "identity_schema_version": 0,
          "identity": {
            "private_nic_id": "ea8fdb73-3a08-4b3f-ab67-ff6999f2e12b",
            "server_id": "99e7f8e8-68ae-4b86-8446-68aaa3c623c4",
            "zone": "fr-par-1"
          },
          "private": "eyJlMmJmYjczMC1lY2FhLTExZTYtOGY4OC0zNDM2M2JjN2M0YzAiOnsiY3JlYXRlIjo2MDAwMDAwMDAwMDAsImRlZmF1bHQiOjYwMDAwMDAwMDAwMCwiZGVsZXRlIjo2MDAwMDAwMDAwMDAsInJlYWQiOjYwMDAwMDAwMDAwMCwidXBkYXRlIjo2MDAwMDAwMDAwMDB9fQ==",
          "dependencies": [
            "scaleway_instance_placement_group.main",
            "scaleway_instance_private_nic.image_processor",
            "scaleway_instance_security_group.image_processor",
            "scaleway_instance_security_group.rest_api",
            "scaleway_instance_server.image_processor",
            "scaleway_instance_server.rest_api",
            "scaleway_rdb_instance.main",
            "scaleway_vpc.main",
            "scaleway_vpc_gateway_network.main",
            "scaleway_vpc_private_network.main",
            "scaleway_vpc_public_gateway.main",
            "scaleway_vpc_public_gateway_ip.main"
          ]
        }
      ]
    },
    {
      "mode": "managed",
      "type": "scaleway_instance_security_group",
      "name": "image_processor",
      "provider": "provider[\"registry.terraform.io/scaleway/scaleway\"]",
      "instances": [
        {
          "schema_version": 0,
          "attributes": {
            "description": "",
            "enable_default_security": true,
            "external_rules": false,
            "id": "fr-par-1/c2d23ca1-bf0a-4aca-b651-6b62c5e3d7b2",
            "inbound_default_policy": "drop",
            "inbound_rule": [
              {
                "action": "accept",
                "ip": "",
                "ip_range": "",
                "port": 22,
                "port_range": "",
                "protocol": "TCP"
              },
              {
                "action": "accept",
                "ip": "",
                "ip_range": "",
                "port": 9090,
                "port_range": "",
                "protocol": "TCP"
              }
            ],
            "name": "sg-image-processor",
            "organization_id": "ac44e639-2453-4812-bf5d-a6dd796cef74",
            "outbound_default_policy": "accept",
            "outbound_rule": [],
            "project_id": "7f7e1a40-fa1f-400d-831d-5d914f377853",
            "stateful": true,
            "tags": null,
            "timeouts": null,
            "zone": "fr-par-1"
          },
          "sensitive_attributes": [],
          "identity_schema_version": 0,
          "private": "eyJlMmJmYjczMC1lY2FhLTExZTYtOGY4OC0zNDM2M2JjN2M0YzAiOnsiY3JlYXRlIjo2MDAwMDAwMDAwMCwiZGVmYXVsdCI6NjAwMDAwMDAwMDAsImRlbGV0ZSI6NjAwMDAwMDAwMDAsInJlYWQiOjYwMDAwMDAwMDAwLCJ1cGRhdGUiOjYwMDAwMDAwMDAwfX0="
        }
      ]
    },
    {
      "mode": "managed",
      "type": "scaleway_instance_security_group",
      "name": "rest_api",
      "provider": "provider[\"registry.terraform.io/scaleway/scaleway\"]",
      "instances": [
        {
          "schema_version": 0,
          "attributes": {
            "description": "",
            "enable_default_security": true,
            "external_rules": false,
            "id": "fr-par-1/873bc92e-8ae1-43df-a398-57c89cbb36a0",
            "inbound_default_policy": "drop",
            "inbound_rule": [
              {
                "action": "accept",
                "ip": "",
                "ip_range": "",
                "port": 22,
                "port_range": "",
                "protocol": "TCP"
              },
              {
                "action": "accept",
                "ip": "",
                "ip_range": "",
                "port": 8080,
                "port_range": "",
                "protocol": "TCP"
              }
            ],
            "name": "sg-rest-api",
            "organization_id": "ac44e639-2453-4812-bf5d-a6dd796cef74",
            "outbound_default_policy": "accept",
            "outbound_rule": [],
            "project_id": "7f7e1a40-fa1f-400d-831d-5d914f377853",
            "stateful": true,
            "tags": null,
            "timeouts": null,
            "zone": "fr-par-1"
          },
          "sensitive_attributes": [],
          "identity_schema_version": 0,
          "private": "eyJlMmJmYjczMC1lY2FhLTExZTYtOGY4OC0zNDM2M2JjN2M0YzAiOnsiY3JlYXRlIjo2MDAwMDAwMDAwMCwiZGVmYXVsdCI6NjAwMDAwMDAwMDAsImRlbGV0ZSI6NjAwMDAwMDAwMDAsInJlYWQiOjYwMDAwMDAwMDAwLCJ1cGRhdGUiOjYwMDAwMDAwMDAwfX0="
        }
      ]
    },
    {
      "mode": "managed",
      "type": "scaleway_instance_server",
      "name": "image_processor",
      "provider": "provider[\"registry.terraform.io/scaleway/scaleway\"]",
      "instances": [
        {
          "schema_version": 0,
          "attributes": {
            "additional_volume_ids": null,
            "admin_password_encryption_ssh_key_id": null,
            "boot_type": "local",
            "bootscript_id": null,
            "cloud_init": null,
            "enable_dynamic_ip": false,
            "filesystems": [],
            "id": "fr-par-1/60eec093-deb5-4b2c-945b-955291ff575f",
            "image": "ubuntu_jammy",
            "ip_id": "",
            "ip_ids": null,
            "name": "onboarding-image-processor",
            "organization_id": "ac44e639-2453-4812-bf5d-a6dd796cef74",
            "placement_group_id": "fr-par-1/0a4d475c-53dd-4d0e-81e9-d856ff178fd8",
            "placement_group_policy_respected": false,
            "private_ips": [],
            "private_network": [],
            "project_id": "7f7e1a40-fa1f-400d-831d-5d914f377853",
            "protected": false,
            "public_ips": [],
            "replace_on_type_change": false,
            "root_volume": [
              {
                "boot": false,
                "delete_on_termination": true,
                "name": "Ubuntu 22.04 Jammy Jellyfish_sbs_volume_0",
                "sbs_iops": 5000,
                "size_in_gb": 20,
                "volume_id": "fr-par-1/aa9b9148-95f8-40f4-885e-8b15775ff264",
                "volume_type": "sbs_volume"
              }
            ],
            "security_group_id": "fr-par-1/c2d23ca1-bf0a-4aca-b651-6b62c5e3d7b2",
            "state": "started",
            "tags": null,
            "timeouts": null,
            "type": "DEV1-S",
            "user_data": {
              "cloud-init": "#cloud-config\n\nruncmd:\n  - |\n    echo 'Acquire::ForceIPv4 \"true\";' \u003e /etc/apt/apt.conf.d/99force-ipv4\n    until ip route | grep -q default; do sleep 5; done\n    curl -fsSL https://get.docker.com | sh\n    echo \"da2483c3-469f-4335-bd91-94ec78312b72\" | docker login rg.fr-par.scw.cloud/namespace-trusting-wing -u nologin --password-stdin\n    until docker pull rg.fr-par.scw.cloud/namespace-trusting-wing/image-processor:latest; do\n      echo \"Image not available yet, retrying in 30s...\"\n      sleep 30\n    done\n    docker run -d --restart unless-stopped -p 9090:9090 --name image-processor --log-driver json-file --log-opt max-size=10m --log-opt max-file=3 rg.fr-par.scw.cloud/namespace-trusting-wing/image-processor:latest\n"
            },
            "zone": "fr-par-1"
          },
          "sensitive_attributes": [
            [
              {
                "type": "get_attr",
                "value": "user_data"
              },
              {
                "type": "index",
                "value": {
                  "value": "cloud-init",
                  "type": "string"
                }
              }
            ]
          ],
          "identity_schema_version": 0,
          "private": "eyJlMmJmYjczMC1lY2FhLTExZTYtOGY4OC0zNDM2M2JjN2M0YzAiOnsiY3JlYXRlIjoxMjAwMDAwMDAwMDAwLCJkZWZhdWx0IjoxMjAwMDAwMDAwMDAwLCJkZWxldGUiOjEyMDAwMDAwMDAwMDAsInJlYWQiOjEyMDAwMDAwMDAwMDAsInVwZGF0ZSI6MTIwMDAwMDAwMDAwMH19",
          "dependencies": [
            "scaleway_instance_placement_group.main",
            "scaleway_instance_security_group.image_processor",
            "scaleway_vpc.main",
            "scaleway_vpc_gateway_network.main",
            "scaleway_vpc_private_network.main",
            "scaleway_vpc_public_gateway.main",
            "scaleway_vpc_public_gateway_ip.main"
          ]
        }
      ]
    },
    {
      "mode": "managed",
      "type": "scaleway_instance_server",
      "name": "rest_api",
      "provider": "provider[\"registry.terraform.io/scaleway/scaleway\"]",
      "instances": [
        {
          "schema_version": 0,
          "attributes": {
            "additional_volume_ids": null,
            "admin_password_encryption_ssh_key_id": null,
            "boot_type": "local",
            "bootscript_id": null,
            "cloud_init": null,
            "enable_dynamic_ip": false,
            "filesystems": [],
            "id": "fr-par-1/99e7f8e8-68ae-4b86-8446-68aaa3c623c4",
            "image": "ubuntu_jammy",
            "ip_id": "",
            "ip_ids": null,
            "name": "onboarding-rest-api",
            "organization_id": "ac44e639-2453-4812-bf5d-a6dd796cef74",
            "placement_group_id": "fr-par-1/0a4d475c-53dd-4d0e-81e9-d856ff178fd8",
            "placement_group_policy_respected": false,
            "private_ips": [],
            "private_network": [],
            "project_id": "7f7e1a40-fa1f-400d-831d-5d914f377853",
            "protected": false,
            "public_ips": [],
            "replace_on_type_change": false,
            "root_volume": [
              {
                "boot": false,
                "delete_on_termination": true,
                "name": "Ubuntu 22.04 Jammy Jellyfish_sbs_volume_0",
                "sbs_iops": 5000,
                "size_in_gb": 20,
                "volume_id": "fr-par-1/4fbade61-a2e7-4ccf-8aba-31621d716f62",
                "volume_type": "sbs_volume"
              }
            ],
            "security_group_id": "fr-par-1/873bc92e-8ae1-43df-a398-57c89cbb36a0",
            "state": "started",
            "tags": null,
            "timeouts": null,
            "type": "DEV1-S",
            "user_data": {
              "cloud-init": "#cloud-config\n\nruncmd:\n  - |\n    echo 'Acquire::ForceIPv4 \"true\";' \u003e /etc/apt/apt.conf.d/99force-ipv4\n    until ip route | grep -q default; do sleep 5; done\n    curl -fsSL https://get.docker.com | sh\n    echo \"da2483c3-469f-4335-bd91-94ec78312b72\" | docker login rg.fr-par.scw.cloud/namespace-trusting-wing -u nologin --password-stdin\n    until docker pull rg.fr-par.scw.cloud/namespace-trusting-wing/rest-api:latest; do\n      echo \"Image not available yet, retrying in 30s...\"\n      sleep 30\n    done\n    docker run -d --restart unless-stopped -p 8080:8080 --name rest-api --log-driver json-file --log-opt max-size=10m --log-opt max-file=3 -e ONBOARDING_IMAGE_PROCESSOR_URL=\"http://172.16.12.5:9090\" -e ONBOARDING_ACCESS_KEY=\"SCWB5GGNRZXB0GFPAN03\" -e ONBOARDING_SECRET_KEY=\"da2483c3-469f-4335-bd91-94ec78312b72\" -e ONBOARDING_PROJECT_ID=\"7f7e1a40-fa1f-400d-831d-5d914f377853\" rg.fr-par.scw.cloud/namespace-trusting-wing/rest-api:latest\n"
            },
            "zone": "fr-par-1"
          },
          "sensitive_attributes": [
            [
              {
                "type": "get_attr",
                "value": "user_data"
              },
              {
                "type": "index",
                "value": {
                  "value": "cloud-init",
                  "type": "string"
                }
              }
            ]
          ],
          "identity_schema_version": 0,
          "private": "eyJlMmJmYjczMC1lY2FhLTExZTYtOGY4OC0zNDM2M2JjN2M0YzAiOnsiY3JlYXRlIjoxMjAwMDAwMDAwMDAwLCJkZWZhdWx0IjoxMjAwMDAwMDAwMDAwLCJkZWxldGUiOjEyMDAwMDAwMDAwMDAsInJlYWQiOjEyMDAwMDAwMDAwMDAsInVwZGF0ZSI6MTIwMDAwMDAwMDAwMH19",
          "dependencies": [
            "scaleway_instance_placement_group.main",
            "scaleway_instance_private_nic.image_processor",
            "scaleway_instance_security_group.image_processor",
            "scaleway_instance_security_group.rest_api",
            "scaleway_instance_server.image_processor",
            "scaleway_rdb_instance.main",
            "scaleway_vpc.main",
            "scaleway_vpc_gateway_network.main",
            "scaleway_vpc_private_network.main",
            "scaleway_vpc_public_gateway.main",
            "scaleway_vpc_public_gateway_ip.main"
          ]
        }
      ]
    },
    {
      "mode": "managed",
      "type": "scaleway_lb",
      "name": "main",
      "provider": "provider[\"registry.terraform.io/scaleway/scaleway\"]",
      "instances": [
        {
          "schema_version": 1,
          "attributes": {
            "assign_flexible_ip": null,
            "assign_flexible_ipv6": null,
            "description": "",
            "external_private_networks": false,
            "id": "fr-par-1/8ec8967c-30c5-4c11-9654-9feb1fb2d191",
            "ip_address": "51.15.249.239",
            "ip_id": "fr-par-1/7e9d7102-b5ec-4c46-bfb8-9bb49465822e",
            "ip_ids": [
              "fr-par-1/7e9d7102-b5ec-4c46-bfb8-9bb49465822e"
            ],
            "ipv6_address": "",
            "name": "onboarding-lb",
            "organization_id": "ac44e639-2453-4812-bf5d-a6dd796cef74",
            "private_ips": [
              {
                "address": "172.16.12.3",
                "id": "fr-par/a6757973-a24f-4b78-be0f-9e8ca78a99fb"
              }
            ],
            "private_network": [
              {
                "dhcp_config": true,
                "ipam_ids": [
                  "fr-par/a6757973-a24f-4b78-be0f-9e8ca78a99fb"
                ],
                "private_network_id": "fr-par/6f8ef198-f7b6-4ee5-a59a-98b22e5fab05",
                "static_config": [],
                "status": "ready",
                "zone": "fr-par-1"
              }
            ],
            "project_id": "7f7e1a40-fa1f-400d-831d-5d914f377853",
            "region": "fr-par",
            "release_ip": false,
            "ssl_compatibility_level": "ssl_compatibility_level_intermediate",
            "tags": null,
            "timeouts": null,
            "type": "LB-S",
            "zone": "fr-par-1"
          },
          "sensitive_attributes": [],
          "identity_schema_version": 0,
          "identity": {
            "id": "8ec8967c-30c5-4c11-9654-9feb1fb2d191",
            "zone": "fr-par-1"
          },
          "private": "eyJlMmJmYjczMC1lY2FhLTExZTYtOGY4OC0zNDM2M2JjN2M0YzAiOnsiY3JlYXRlIjo5MDAwMDAwMDAwMDAsImRlZmF1bHQiOjkwMDAwMDAwMDAwMCwiZGVsZXRlIjo5MDAwMDAwMDAwMDAsInJlYWQiOjkwMDAwMDAwMDAwMCwidXBkYXRlIjo5MDAwMDAwMDAwMDB9LCJzY2hlbWFfdmVyc2lvbiI6IjEifQ==",
          "dependencies": [
            "scaleway_lb_ip.main",
            "scaleway_vpc.main",
            "scaleway_vpc_private_network.main"
          ]
        }
      ]
    },
    {
      "mode": "managed",
      "type": "scaleway_lb_backend",
      "name": "rest_api",
      "provider": "provider[\"registry.terraform.io/scaleway/scaleway\"]",
      "instances": [
        {
          "schema_version": 1,
          "attributes": {
            "failover_host": "",
            "forward_port": 8080,
            "forward_port_algorithm": "roundrobin",
            "forward_protocol": "http",
            "health_check_delay": "1m0s",
            "health_check_http": [
              {
                "code": 200,
                "host_header": "",
                "method": "GET",
                "uri": "/health"
              }
            ],
            "health_check_https": [],
            "health_check_max_retries": 2,
            "health_check_port": 8080,
            "health_check_send_proxy": false,
            "health_check_tcp": [],
            "health_check_timeout": "30s",
            "health_check_transient_delay": "500ms",
            "id": "fr-par-1/ac23b827-7e9d-4d38-9ce2-add80c0e0892",
            "ignore_ssl_server_verify": false,
            "lb_id": "fr-par-1/8ec8967c-30c5-4c11-9654-9feb1fb2d191",
            "max_connections": 0,
            "max_retries": 3,
            "name": "backend-rest-api",
            "on_marked_down_action": "none",
            "proxy_protocol": "none",
            "redispatch_attempt_count": 0,
            "send_proxy_v2": false,
            "server_ips": [
              "172.16.12.6"
            ],
            "ssl_bridging": false,
            "sticky_sessions": "none",
            "sticky_sessions_cookie_name": "",
            "timeout_connect": "5s",
            "timeout_queue": "0s",
            "timeout_server": "5m0s",
            "timeout_tunnel": "15m0s",
            "timeouts": null
          },
          "sensitive_attributes": [],
          "identity_schema_version": 0,
          "identity": {
            "id": "ac23b827-7e9d-4d38-9ce2-add80c0e0892",
            "zone": "fr-par-1"
          },
          "private": "eyJlMmJmYjczMC1lY2FhLTExZTYtOGY4OC0zNDM2M2JjN2M0YzAiOnsiY3JlYXRlIjo5MDAwMDAwMDAwMDAsImRlZmF1bHQiOjkwMDAwMDAwMDAwMCwiZGVsZXRlIjo5MDAwMDAwMDAwMDAsInJlYWQiOjkwMDAwMDAwMDAwMCwidXBkYXRlIjo5MDAwMDAwMDAwMDB9LCJzY2hlbWFfdmVyc2lvbiI6IjEifQ==",
          "dependencies": [
            "scaleway_instance_placement_group.main",
            "scaleway_instance_private_nic.image_processor",
            "scaleway_instance_private_nic.rest_api",
            "scaleway_instance_security_group.image_processor",
            "scaleway_instance_security_group.rest_api",
            "scaleway_instance_server.image_processor",
            "scaleway_instance_server.rest_api",
            "scaleway_lb.main",
            "scaleway_lb_ip.main",
            "scaleway_rdb_instance.main",
            "scaleway_vpc.main",
            "scaleway_vpc_gateway_network.main",
            "scaleway_vpc_private_network.main",
            "scaleway_vpc_public_gateway.main",
            "scaleway_vpc_public_gateway_ip.main"
          ]
        }
      ]
    },
    {
      "mode": "managed",
      "type": "scaleway_lb_frontend",
      "name": "rest_api",
      "provider": "provider[\"registry.terraform.io/scaleway/scaleway\"]",
      "instances": [
        {
          "schema_version": 1,
          "attributes": {
            "acl": [],
            "backend_id": "fr-par-1/ac23b827-7e9d-4d38-9ce2-add80c0e0892",
            "certificate_id": "",
            "certificate_ids": null,
            "connection_rate_limit": 0,
            "created_at": "2026-04-17T10:04:31Z",
            "enable_access_logs": false,
            "enable_http3": false,
            "external_acls": false,
            "id": "fr-par-1/bec587fc-7e8a-4970-9c3f-033cfaf09b75",
            "inbound_port": 80,
            "lb_id": "fr-par-1/8ec8967c-30c5-4c11-9654-9feb1fb2d191",
            "name": "frontend-http",
            "timeout_client": "",
            "timeouts": null,
            "updated_at": "2026-04-17T10:04:32Z"
          },
          "sensitive_attributes": [],
          "identity_schema_version": 0,
          "identity": {
            "id": "bec587fc-7e8a-4970-9c3f-033cfaf09b75",
            "zone": "fr-par-1"
          },
          "private": "eyJlMmJmYjczMC1lY2FhLTExZTYtOGY4OC0zNDM2M2JjN2M0YzAiOnsiY3JlYXRlIjo5MDAwMDAwMDAwMDAsImRlZmF1bHQiOjkwMDAwMDAwMDAwMCwiZGVsZXRlIjo5MDAwMDAwMDAwMDAsInJlYWQiOjkwMDAwMDAwMDAwMCwidXBkYXRlIjo5MDAwMDAwMDAwMDB9LCJzY2hlbWFfdmVyc2lvbiI6IjEifQ==",
          "dependencies": [
            "scaleway_instance_placement_group.main",
            "scaleway_instance_private_nic.image_processor",
            "scaleway_instance_private_nic.rest_api",
            "scaleway_instance_security_group.image_processor",
            "scaleway_instance_security_group.rest_api",
            "scaleway_instance_server.image_processor",
            "scaleway_instance_server.rest_api",
            "scaleway_lb.main",
            "scaleway_lb_backend.rest_api",
            "scaleway_lb_ip.main",
            "scaleway_rdb_instance.main",
            "scaleway_vpc.main",
            "scaleway_vpc_gateway_network.main",
            "scaleway_vpc_private_network.main",
            "scaleway_vpc_public_gateway.main",
            "scaleway_vpc_public_gateway_ip.main"
          ]
        }
      ]
    },
    {
      "mode": "managed",
      "type": "scaleway_lb_ip",
      "name": "main",
      "provider": "provider[\"registry.terraform.io/scaleway/scaleway\"]",
      "instances": [
        {
          "schema_version": 1,
          "attributes": {
            "id": "fr-par-1/7e9d7102-b5ec-4c46-bfb8-9bb49465822e",
            "ip_address": "51.15.249.239",
            "is_ipv6": false,
            "lb_id": "",
            "organization_id": "ac44e639-2453-4812-bf5d-a6dd796cef74",
            "project_id": "7f7e1a40-fa1f-400d-831d-5d914f377853",
            "region": "fr-par",
            "reverse": "51-15-249-239.lb.fr-par.scw.cloud",
            "tags": null,
            "timeouts": null,
            "zone": "fr-par-1"
          },
          "sensitive_attributes": [],
          "identity_schema_version": 0,
          "identity": {
            "id": "7e9d7102-b5ec-4c46-bfb8-9bb49465822e",
            "zone": "fr-par-1"
          },
          "private": "eyJlMmJmYjczMC1lY2FhLTExZTYtOGY4OC0zNDM2M2JjN2M0YzAiOnsiY3JlYXRlIjo5MDAwMDAwMDAwMDAsImRlZmF1bHQiOjkwMDAwMDAwMDAwMCwiZGVsZXRlIjo5MDAwMDAwMDAwMDAsInJlYWQiOjkwMDAwMDAwMDAwMCwidXBkYXRlIjo5MDAwMDAwMDAwMDB9LCJzY2hlbWFfdmVyc2lvbiI6IjEifQ=="
        }
      ]
    },
    {
      "mode": "managed",
      "type": "scaleway_object_bucket",
      "name": "main",
      "provider": "provider[\"registry.terraform.io/scaleway/scaleway\"]",
      "instances": [
        {
          "schema_version": 0,
          "attributes": {
            "acl": "private",
            "api_endpoint": "https://s3.fr-par.scw.cloud",
            "cors_rule": [],
            "endpoint": "https://engineeringonboarding.s3.fr-par.scw.cloud",
            "force_destroy": true,
            "id": "fr-par/engineeringonboarding",
            "lifecycle_rule": [],
            "name": "engineeringonboarding",
            "object_lock_enabled": false,
            "project_id": "7f7e1a40-fa1f-400d-831d-5d914f377853",
            "region": "fr-par",
            "tags": null,
            "timeouts": null,
            "versioning": [
              {
                "enabled": false
              }
            ]
          },
          "sensitive_attributes": [],
          "identity_schema_version": 0,
          "private": "eyJlMmJmYjczMC1lY2FhLTExZTYtOGY4OC0zNDM2M2JjN2M0YzAiOnsiY3JlYXRlIjo2MDAwMDAwMDAwMDAsImRlZmF1bHQiOjYwMDAwMDAwMDAwMCwiZGVsZXRlIjo2MDAwMDAwMDAwMDAsInJlYWQiOjYwMDAwMDAwMDAwMCwidXBkYXRlIjo2MDAwMDAwMDAwMDB9fQ=="
        }
      ]
    },
    {
      "mode": "managed",
      "type": "scaleway_rdb_database",
      "name": "main",
      "provider": "provider[\"registry.terraform.io/scaleway/scaleway\"]",
      "instances": [
        {
          "schema_version": 0,
          "attributes": {
            "id": "fr-par/a9b65aee-39a2-4fa4-86a7-c871f4587905/onboarding",
            "instance_id": "fr-par/a9b65aee-39a2-4fa4-86a7-c871f4587905",
            "managed": true,
            "name": "onboarding",
            "owner": "_rdb_superadmin",
            "region": "fr-par",
            "size": "7642471",
            "timeouts": null
          },
          "sensitive_attributes": [],
          "identity_schema_version": 0,
          "identity": {
            "id": "a9b65aee-39a2-4fa4-86a7-c871f4587905/onboarding",
            "region": "fr-par"
          },
          "private": "eyJlMmJmYjczMC1lY2FhLTExZTYtOGY4OC0zNDM2M2JjN2M0YzAiOnsiY3JlYXRlIjoxODAwMDAwMDAwMDAwLCJkZWZhdWx0IjoxODAwMDAwMDAwMDAwLCJkZWxldGUiOjE4MDAwMDAwMDAwMDAsInJlYWQiOjE4MDAwMDAwMDAwMDAsInVwZGF0ZSI6MTgwMDAwMDAwMDAwMH19",
          "dependencies": [
            "scaleway_rdb_instance.main",
            "scaleway_vpc.main",
            "scaleway_vpc_gateway_network.main",
            "scaleway_vpc_private_network.main",
            "scaleway_vpc_public_gateway.main",
            "scaleway_vpc_public_gateway_ip.main"
          ]
        }
      ]
    },
    {
      "mode": "managed",
      "type": "scaleway_rdb_instance",
      "name": "main",
      "provider": "provider[\"registry.terraform.io/scaleway/scaleway\"]",
      "instances": [
        {
          "schema_version": 0,
          "attributes": {
            "backup_same_region": false,
            "backup_schedule_frequency": 24,
            "backup_schedule_retention": 7,
            "certificate": "-----BEGIN CERTIFICATE-----\nMIIDYDCCAkigAwIBAgIUDqxrJ/75rIG294fyDsobqEqxJ+YwDQYJKoZIhvcNAQEL\nBQAwVjELMAkGA1UEBhMCRlIxDjAMBgNVBAgMBVBhcmlzMQ4wDAYDVQQHDAVQYXJp\nczERMA8GA1UECgwIU2NhbGV3YXkxFDASBgNVBAMMCzE3Mi4xNi4xMi40MB4XDTI2\nMDQxNzEwMDEwNVoXDTM2MDQxNDEwMDEwNVowVjELMAkGA1UEBhMCRlIxDjAMBgNV\nBAgMBVBhcmlzMQ4wDAYDVQQHDAVQYXJpczERMA8GA1UECgwIU2NhbGV3YXkxFDAS\nBgNVBAMMCzE3Mi4xNi4xMi40MIIBIjANBgkqhkiG9w0BAQEFAAOCAQ8AMIIBCgKC\nAQEAkAFaOKma85wmm7H95VN2tO6yE931Dtt73lmQF9Ex9ZM1Wt33jIdDShWHrmz3\nsNyU5fcajkXilzQmqMKtqxn4l++jrIopAgBmTNDYi/T5n9kNrhBd79w4VRK5BbjN\n+LIkd3z290GS1sHH/k7OWGP4fduNKgUTcrjys1xOFN8bW5h+bBNPhS2MmZWLcqlX\nAnkGvYySENDYrHDWlhcUtK+PJvLPMp6kd0kvBm3lbhW8/VkSAKqRTXfZSiydkwmU\nv0KIcQbqK5g9ofkG3NUt4kegqLIuQ/cnjXk77Sib8opyjx8s5HRw8Oulu6bu4AsO\nFHgfbzHrk1OcHz3DCULFXLEfIwIDAQABoyYwJDAiBgNVHREEGzAZggsxNzIuMTYu\nMTIuNIcEMw/rk4cErBAMBDANBgkqhkiG9w0BAQsFAAOCAQEAZPl5W48PyK7HMYfe\nRHrVc3z22p1vtOzNIf0BmzuPKHPJuEPvNQe9N/ksHtulSlXWgNqgQ9LFa+/bYV1M\nYhmAQrnyyt6+00/bjRFR3chAr317wq9+iGGDaEVTy2TZSdLtSoyjEpx38NKNBc+p\neuR4gUyYUYopRzJ59QXIDQ+wHgotpj+UdFnj0GtnvSvwb+edeyRDwAZPu+XBNVhd\nVMDhPl9qa4WaipRi4CC4lIBzZJV0GRoaqgUUWhMO/r0rhOnFMlRc+hIygLuI4Wf3\nrHiwOlLtOgZKhsBVdzwxz0FhnBVeiHSk0b6RrsFoOOn1Stow8gdoRdtxxGaKrWw9\n7vLC1g==\n-----END CERTIFICATE-----\n",
            "disable_backup": true,
            "encryption_at_rest": false,
            "endpoint_ip": "",
            "endpoint_port": 0,
            "engine": "PostgreSQL-15",
            "id": "fr-par/a9b65aee-39a2-4fa4-86a7-c871f4587905",
            "init_settings": null,
            "is_ha_cluster": false,
            "load_balancer": [],
            "logs_policy": [
              {
                "max_age_retention": 30,
                "total_disk_retention": 0
              }
            ],
            "name": "onboarding-db",
            "node_type": "db-dev-s",
            "organization_id": "ac44e639-2453-4812-bf5d-a6dd796cef74",
            "password": "0nb04rd1ng!Scw",
            "password_wo": null,
            "password_wo_version": null,
            "private_ip": [
              {
                "address": "172.16.12.4",
                "id": "fr-par/d0be11bf-8259-478b-8191-5d07662cfb3e"
              }
            ],
            "private_network": [
              {
                "enable_ipam": true,
                "endpoint_id": "4f251c76-01fa-43ec-9a53-e34a97282d3f",
                "hostname": "",
                "ip": "172.16.12.4",
                "ip_net": "172.16.12.4/22",
                "name": "",
                "pn_id": "fr-par/6f8ef198-f7b6-4ee5-a59a-98b22e5fab05",
                "port": 5432,
                "zone": ""
              }
            ],
            "project_id": "7f7e1a40-fa1f-400d-831d-5d914f377853",
            "read_replicas": [],
            "region": "fr-par",
            "settings": {
              "effective_cache_size": "1300",
              "maintenance_work_mem": "150",
              "max_connections": "100",
              "max_parallel_workers": "0",
              "max_parallel_workers_per_gather": "0",
              "work_mem": "4"
            },
            "snapshot_id": null,
            "tags": null,
            "timeouts": null,
            "upgradable_versions": [
              {
                "id": "d71ceea7-8b9a-44ad-87a8-deb439820453",
                "minor_version": "16.13",
                "name": "PostgreSQL-16",
                "version": "16"
              },
              {
                "id": "5bf53558-194c-4d56-93d3-e653c3e3d341",
                "minor_version": "17.9",
                "name": "PostgreSQL-17",
                "version": "17"
              }
            ],
            "user_name": "onboarding",
            "volume_size_in_gb": 5,
            "volume_type": "lssd"
          },
          "sensitive_attributes": [
            [
              {
                "type": "get_attr",
                "value": "password"
              }
            ]
          ],
          "identity_schema_version": 0,
          "identity": {
            "id": "a9b65aee-39a2-4fa4-86a7-c871f4587905",
            "region": "fr-par"
          },
          "private": "eyJlMmJmYjczMC1lY2FhLTExZTYtOGY4OC0zNDM2M2JjN2M0YzAiOnsiY3JlYXRlIjoxODAwMDAwMDAwMDAwLCJkZWZhdWx0IjoxODAwMDAwMDAwMDAwLCJkZWxldGUiOjE4MDAwMDAwMDAwMDAsInJlYWQiOjE4MDAwMDAwMDAwMDAsInVwZGF0ZSI6MTgwMDAwMDAwMDAwMH19",
          "dependencies": [
            "scaleway_vpc.main",
            "scaleway_vpc_gateway_network.main",
            "scaleway_vpc_private_network.main",
            "scaleway_vpc_public_gateway.main",
            "scaleway_vpc_public_gateway_ip.main"
          ]
        }
      ]
    },
    {
      "mode": "managed",
      "type": "scaleway_rdb_privilege",
      "name": "main",
      "provider": "provider[\"registry.terraform.io/scaleway/scaleway\"]",
      "instances": [
        {
          "schema_version": 1,
          "attributes": {
            "database_name": "onboarding",
            "effective_permission": "all",
            "id": "fr-par/a9b65aee-39a2-4fa4-86a7-c871f4587905/onboarding/onboarding",
            "instance_id": "fr-par/a9b65aee-39a2-4fa4-86a7-c871f4587905",
            "permission": "all",
            "permission_status": "synced",
            "region": "fr-par",
            "timeouts": null,
            "user_name": "onboarding"
          },
          "sensitive_attributes": [],
          "identity_schema_version": 0,
          "identity": {
            "id": "a9b65aee-39a2-4fa4-86a7-c871f4587905/onboarding/onboarding",
            "region": "fr-par"
          },
          "private": "eyJlMmJmYjczMC1lY2FhLTExZTYtOGY4OC0zNDM2M2JjN2M0YzAiOnsiY3JlYXRlIjoxODAwMDAwMDAwMDAwLCJkZWZhdWx0IjoxODAwMDAwMDAwMDAwLCJkZWxldGUiOjE4MDAwMDAwMDAwMDAsInJlYWQiOjE4MDAwMDAwMDAwMDAsInVwZGF0ZSI6MTgwMDAwMDAwMDAwMH0sInNjaGVtYV92ZXJzaW9uIjoiMSJ9",
          "dependencies": [
            "scaleway_rdb_database.main",
            "scaleway_rdb_instance.main",
            "scaleway_vpc.main",
            "scaleway_vpc_gateway_network.main",
            "scaleway_vpc_private_network.main",
            "scaleway_vpc_public_gateway.main",
            "scaleway_vpc_public_gateway_ip.main"
          ]
        }
      ]
    },
    {
      "mode": "managed",
      "type": "scaleway_registry_namespace",
      "name": "main",
      "provider": "provider[\"registry.terraform.io/scaleway/scaleway\"]",
      "instances": [
        {
          "schema_version": 0,
          "attributes": {
            "description": "",
            "endpoint": "rg.fr-par.scw.cloud/namespace-trusting-wing",
            "id": "fr-par/ae359db6-d801-4a3f-b6a9-ddf39b9464e9",
            "is_public": false,
            "name": "namespace-trusting-wing",
            "organization_id": "ac44e639-2453-4812-bf5d-a6dd796cef74",
            "project_id": "7f7e1a40-fa1f-400d-831d-5d914f377853",
            "region": "fr-par",
            "timeouts": null
          },
          "sensitive_attributes": [],
          "identity_schema_version": 0,
          "private": "eyJlMmJmYjczMC1lY2FhLTExZTYtOGY4OC0zNDM2M2JjN2M0YzAiOnsiY3JlYXRlIjozMDAwMDAwMDAwMDAsImRlZmF1bHQiOjMwMDAwMDAwMDAwMCwiZGVsZXRlIjozMDAwMDAwMDAwMDAsInJlYWQiOjMwMDAwMDAwMDAwMCwidXBkYXRlIjozMDAwMDAwMDAwMDB9fQ=="
        }
      ]
    },
    {
      "mode": "managed",
      "type": "scaleway_secret",
      "name": "bucket_name",
      "provider": "provider[\"registry.terraform.io/scaleway/scaleway\"]",
      "instances": [
        {
          "schema_version": 0,
          "attributes": {
            "created_at": "2026-04-17T09:59:00Z",
            "description": "",
            "ephemeral_policy": [],
            "id": "fr-par/d2976195-aed4-4b95-90ec-0ddf12b8b35c",
            "name": "onboarding-bucket-name",
            "path": "/",
            "project_id": "7f7e1a40-fa1f-400d-831d-5d914f377853",
            "protected": false,
            "region": "fr-par",
            "status": "ready",
            "tags": null,
            "timeouts": null,
            "type": "opaque",
            "updated_at": "2026-04-17T09:59:00Z",
            "version_count": 0,
            "versions": []
          },
          "sensitive_attributes": [],
          "identity_schema_version": 0,
          "private": "eyJlMmJmYjczMC1lY2FhLTExZTYtOGY4OC0zNDM2M2JjN2M0YzAiOnsiY3JlYXRlIjozMDAwMDAwMDAwMDAsImRlZmF1bHQiOjMwMDAwMDAwMDAwMCwiZGVsZXRlIjozMDAwMDAwMDAwMDAsInJlYWQiOjMwMDAwMDAwMDAwMCwidXBkYXRlIjozMDAwMDAwMDAwMDB9fQ=="
        }
      ]
    },
    {
      "mode": "managed",
      "type": "scaleway_secret",
      "name": "database_url",
      "provider": "provider[\"registry.terraform.io/scaleway/scaleway\"]",
      "instances": [
        {
          "schema_version": 0,
          "attributes": {
            "created_at": "2026-04-17T09:59:00Z",
            "description": "",
            "ephemeral_policy": [],
            "id": "fr-par/a082a168-b2b7-4cdc-83eb-7cd66ec3413e",
            "name": "onboarding-database-url",
            "path": "/",
            "project_id": "7f7e1a40-fa1f-400d-831d-5d914f377853",
            "protected": false,
            "region": "fr-par",
            "status": "ready",
            "tags": null,
            "timeouts": null,
            "type": "opaque",
            "updated_at": "2026-04-17T09:59:00Z",
            "version_count": 0,
            "versions": []
          },
          "sensitive_attributes": [],
          "identity_schema_version": 0,
          "private": "eyJlMmJmYjczMC1lY2FhLTExZTYtOGY4OC0zNDM2M2JjN2M0YzAiOnsiY3JlYXRlIjozMDAwMDAwMDAwMDAsImRlZmF1bHQiOjMwMDAwMDAwMDAwMCwiZGVsZXRlIjozMDAwMDAwMDAwMDAsInJlYWQiOjMwMDAwMDAwMDAwMCwidXBkYXRlIjozMDAwMDAwMDAwMDB9fQ=="
        }
      ]
    },
    {
      "mode": "managed",
      "type": "scaleway_secret_version",
      "name": "bucket_name",
      "provider": "provider[\"registry.terraform.io/scaleway/scaleway\"]",
      "instances": [
        {
          "schema_version": 0,
          "attributes": {
            "created_at": "2026-04-17T09:59:01Z",
            "data": "ZW5naW5lZXJpbmdvbmJvYXJkaW5n",
            "data_wo": null,
            "data_wo_version": null,
            "description": "",
            "id": "fr-par/d2976195-aed4-4b95-90ec-0ddf12b8b35c/1",
            "region": "fr-par",
            "revision": "1",
            "secret_id": "fr-par/d2976195-aed4-4b95-90ec-0ddf12b8b35c",
            "status": "enabled",
            "timeouts": null,
            "updated_at": "2026-04-17T09:59:01Z"
          },
          "sensitive_attributes": [
            [
              {
                "type": "get_attr",
                "value": "data"
              }
            ],
            [
              {
                "type": "get_attr",
                "value": "data_wo"
              }
            ]
          ],
          "identity_schema_version": 0,
          "private": "eyJlMmJmYjczMC1lY2FhLTExZTYtOGY4OC0zNDM2M2JjN2M0YzAiOnsiY3JlYXRlIjozMDAwMDAwMDAwMDAsImRlZmF1bHQiOjMwMDAwMDAwMDAwMCwiZGVsZXRlIjozMDAwMDAwMDAwMDAsInJlYWQiOjMwMDAwMDAwMDAwMCwidXBkYXRlIjozMDAwMDAwMDAwMDB9fQ==",
          "dependencies": [
            "scaleway_secret.bucket_name"
          ]
        }
      ]
    },
    {
      "mode": "managed",
      "type": "scaleway_secret_version",
      "name": "database_url",
      "provider": "provider[\"registry.terraform.io/scaleway/scaleway\"]",
      "instances": [
        {
          "schema_version": 0,
          "attributes": {
            "created_at": "2026-04-17T10:03:35Z",
            "data": "cG9zdGdyZXNxbDovL29uYm9hcmRpbmc6MG5iMDRyZDFuZyFTY3dAMTcyLjE2LjEyLjQ6NTQzMi9vbmJvYXJkaW5n",
            "data_wo": null,
            "data_wo_version": null,
            "description": "",
            "id": "fr-par/a082a168-b2b7-4cdc-83eb-7cd66ec3413e/1",
            "region": "fr-par",
            "revision": "1",
            "secret_id": "fr-par/a082a168-b2b7-4cdc-83eb-7cd66ec3413e",
            "status": "enabled",
            "timeouts": null,
            "updated_at": "2026-04-17T10:03:35Z"
          },
          "sensitive_attributes": [
            [
              {
                "type": "get_attr",
                "value": "data"
              }
            ],
            [
              {
                "type": "get_attr",
                "value": "data_wo"
              }
            ]
          ],
          "identity_schema_version": 0,
          "private": "eyJlMmJmYjczMC1lY2FhLTExZTYtOGY4OC0zNDM2M2JjN2M0YzAiOnsiY3JlYXRlIjozMDAwMDAwMDAwMDAsImRlZmF1bHQiOjMwMDAwMDAwMDAwMCwiZGVsZXRlIjozMDAwMDAwMDAwMDAsInJlYWQiOjMwMDAwMDAwMDAwMCwidXBkYXRlIjozMDAwMDAwMDAwMDB9fQ==",
          "dependencies": [
            "scaleway_rdb_instance.main",
            "scaleway_secret.database_url",
            "scaleway_vpc.main",
            "scaleway_vpc_gateway_network.main",
            "scaleway_vpc_private_network.main",
            "scaleway_vpc_public_gateway.main",
            "scaleway_vpc_public_gateway_ip.main"
          ]
        }
      ]
    },
    {
      "mode": "managed",
      "type": "scaleway_vpc",
      "name": "main",
      "provider": "provider[\"registry.terraform.io/scaleway/scaleway\"]",
      "instances": [
        {
          "schema_version": 0,
          "attributes": {
            "created_at": "2026-04-17T09:59:00Z",
            "enable_custom_routes_propagation": true,
            "enable_routing": true,
            "id": "fr-par/e4bad37f-3003-4ea3-b790-f34b00debdd2",
            "is_default": false,
            "name": "onboarding-vpc",
            "organization_id": "ac44e639-2453-4812-bf5d-a6dd796cef74",
            "project_id": "7f7e1a40-fa1f-400d-831d-5d914f377853",
            "region": "fr-par",
            "tags": null,
            "updated_at": "2026-04-17T09:59:00Z"
          },
          "sensitive_attributes": [],
          "identity_schema_version": 0,
          "identity": {
            "id": "e4bad37f-3003-4ea3-b790-f34b00debdd2",
            "region": "fr-par"
          },
          "private": "bnVsbA=="
        }
      ]
    },
    {
      "mode": "managed",
      "type": "scaleway_vpc_gateway_network",
      "name": "main",
      "provider": "provider[\"registry.terraform.io/scaleway/scaleway\"]",
      "instances": [
        {
          "schema_version": 0,
          "attributes": {
            "cleanup_dhcp": null,
            "created_at": "2026-04-17T09:59:17Z",
            "dhcp_id": null,
            "enable_dhcp": null,
            "enable_masquerade": true,
            "gateway_id": "fr-par-1/5d484f9c-bfc0-45f5-aab6-8769bef0910a",
            "id": "fr-par-1/7d165d57-0140-458f-ae17-92e857177a87",
            "ipam_config": [
              {
                "ipam_ip_id": "edaa83e4-0ac5-4576-86f1-e5c2a4578d33",
                "push_default_route": true
              }
            ],
            "mac_address": "02:00:00:17:D0:72",
            "private_ip": [
              {
                "address": "172.16.12.2",
                "id": "fr-par/edaa83e4-0ac5-4576-86f1-e5c2a4578d33"
              }
            ],
            "private_network_id": "fr-par/6f8ef198-f7b6-4ee5-a59a-98b22e5fab05",
            "static_address": null,
            "status": "ready",
            "timeouts": null,
            "updated_at": "2026-04-17T09:59:27Z",
            "zone": "fr-par-1"
          },
          "sensitive_attributes": [],
          "identity_schema_version": 0,
          "identity": {
            "id": "7d165d57-0140-458f-ae17-92e857177a87",
            "zone": "fr-par-1"
          },
          "private": "eyJlMmJmYjczMC1lY2FhLTExZTYtOGY4OC0zNDM2M2JjN2M0YzAiOnsiY3JlYXRlIjo2MDAwMDAwMDAwMDAsImRlZmF1bHQiOjYwMDAwMDAwMDAwMCwiZGVsZXRlIjo2MDAwMDAwMDAwMDAsInJlYWQiOjYwMDAwMDAwMDAwMCwidXBkYXRlIjo2MDAwMDAwMDAwMDB9fQ==",
          "dependencies": [
            "scaleway_vpc.main",
            "scaleway_vpc_private_network.main",
            "scaleway_vpc_public_gateway.main",
            "scaleway_vpc_public_gateway_ip.main"
          ]
        }
      ]
    },
    {
      "mode": "managed",
      "type": "scaleway_vpc_private_network",
      "name": "main",
      "provider": "provider[\"registry.terraform.io/scaleway/scaleway\"]",
      "instances": [
        {
          "schema_version": 1,
          "attributes": {
            "created_at": "2026-04-17T09:59:00Z",
            "enable_default_route_propagation": false,
            "id": "fr-par/6f8ef198-f7b6-4ee5-a59a-98b22e5fab05",
            "ipv4_subnet": [
              {
                "address": "172.16.12.0",
                "created_at": "2026-04-17T09:59:00Z",
                "id": "1f436abd-0d4d-464a-a755-eaaf198429eb",
                "prefix_length": 22,
                "subnet": "172.16.12.0/22",
                "subnet_mask": "255.255.252.0",
                "updated_at": "2026-04-17T09:59:00Z"
              }
            ],
            "ipv6_subnets": [
              {
                "address": "fdbe:872a:3fef:1848::",
                "created_at": "2026-04-17T09:59:00Z",
                "id": "c081a701-90dd-4529-b960-eab48faaa1d2",
                "prefix_length": 64,
                "subnet": "fdbe:872a:3fef:1848::/64",
                "subnet_mask": "255.255.255.255.255.255.255.255.0.0.0.0.0.0.0.0",
                "updated_at": "2026-04-17T09:59:00Z"
              }
            ],
            "is_regional": true,
            "name": "onboarding-pn",
            "organization_id": "ac44e639-2453-4812-bf5d-a6dd796cef74",
            "project_id": "7f7e1a40-fa1f-400d-831d-5d914f377853",
            "region": "fr-par",
            "tags": null,
            "updated_at": "2026-04-17T09:59:00Z",
            "vpc_id": "fr-par/e4bad37f-3003-4ea3-b790-f34b00debdd2",
            "zone": "fr-par-1"
          },
          "sensitive_attributes": [],
          "identity_schema_version": 0,
          "identity": {
            "id": "6f8ef198-f7b6-4ee5-a59a-98b22e5fab05",
            "region": "fr-par"
          },
          "private": "eyJzY2hlbWFfdmVyc2lvbiI6IjEifQ==",
          "dependencies": [
            "scaleway_vpc.main"
          ]
        }
      ]
    },
    {
      "mode": "managed",
      "type": "scaleway_vpc_public_gateway",
      "name": "main",
      "provider": "provider[\"registry.terraform.io/scaleway/scaleway\"]",
      "instances": [
        {
          "schema_version": 0,
          "attributes": {
            "allowed_ip_ranges": [
              "0.0.0.0/0"
            ],
            "bandwidth": 100,
            "bastion_enabled": true,
            "bastion_port": 61000,
            "created_at": "2026-04-17T09:59:01Z",
            "enable_smtp": false,
            "id": "fr-par-1/5d484f9c-bfc0-45f5-aab6-8769bef0910a",
            "ip_id": "fr-par-1/23bed963-1387-4a2d-9c65-65d79075c908",
            "move_to_ipam": null,
            "name": "onboarding-pgw",
            "organization_id": "ac44e639-2453-4812-bf5d-a6dd796cef74",
            "project_id": "7f7e1a40-fa1f-400d-831d-5d914f377853",
            "refresh_ssh_keys": null,
            "status": "running",
            "tags": null,
            "timeouts": null,
            "type": "VPC-GW-S",
            "updated_at": "2026-04-17T09:59:15Z",
            "upstream_dns_servers": [],
            "zone": "fr-par-1"
          },
          "sensitive_attributes": [],
          "identity_schema_version": 0,
          "identity": {
            "id": "5d484f9c-bfc0-45f5-aab6-8769bef0910a",
            "zone": "fr-par-1"
          },
          "private": "eyJlMmJmYjczMC1lY2FhLTExZTYtOGY4OC0zNDM2M2JjN2M0YzAiOnsiY3JlYXRlIjo2MDAwMDAwMDAwMDAsImRlZmF1bHQiOjYwMDAwMDAwMDAwMCwiZGVsZXRlIjo2MDAwMDAwMDAwMDAsInJlYWQiOjYwMDAwMDAwMDAwMCwidXBkYXRlIjo2MDAwMDAwMDAwMDB9fQ==",
          "dependencies": [
            "scaleway_vpc_public_gateway_ip.main"
          ]
        }
      ]
    },
    {
      "mode": "managed",
      "type": "scaleway_vpc_public_gateway_ip",
      "name": "main",
      "provider": "provider[\"registry.terraform.io/scaleway/scaleway\"]",
      "instances": [
        {
          "schema_version": 0,
          "attributes": {
            "address": "212.47.254.71",
            "created_at": "2026-04-17T09:59:01Z",
            "id": "fr-par-1/23bed963-1387-4a2d-9c65-65d79075c908",
            "organization_id": "ac44e639-2453-4812-bf5d-a6dd796cef74",
            "project_id": "7f7e1a40-fa1f-400d-831d-5d914f377853",
            "reverse": "71-254-47-212.instances.scw.cloud",
            "tags": null,
            "updated_at": "2026-04-17T09:59:01Z",
            "zone": "fr-par-1"
          },
          "sensitive_attributes": [],
          "identity_schema_version": 0,
          "identity": {
            "id": "23bed963-1387-4a2d-9c65-65d79075c908",
            "zone": "fr-par-1"
          },
          "private": "bnVsbA=="
        }
      ]
    }
  ],
  "check_results": null
}
